
Microsoft Visual Studio Solution File, Format Version 12.00
# Visual Studio 15
VisualStudioVersion = 15.0.27130.2003
MinimumVisualStudioVersion = 10.0.40219.1
Project("{FAE04EC0-301F-11D3-BF4B-00C04F79EFBC}") = "asp.net-core-2.0", "asp.net-core-2.0\asp.net-core-2.0.csproj", "{6E1665D8-9618-4239-A6C4-7DC006ED162E}"
EndProject
Project("{E53339B2-1760-4266-BCC7-CA923CBCF16C}") = "docker-compose", "docker-compose.dcproj", "{860A3CE5-8414-42C6-9C2A-46BBCBC56572}"
EndProject
Global
	GlobalSection(SolutionConfigurationPlatforms) = preSolution
		Debug|Any CPU = Debug|Any CPU
		Release|Any CPU = Release|Any CPU
	EndGlobalSection
	GlobalSection(ProjectConfigurationPlatforms) = postSolution
		{6E1665D8-9618-4239-A6C4-7DC006ED162E}.Debug|Any CPU.ActiveCfg = Debug|Any CPU
		{6E1665D8-9618-4239-A6C4-7DC006ED162E}.Debug|Any CPU.Build.0 = Debug|Any CPU
		{6E1665D8-9618-4239-A6C4-7DC006ED162E}.Release|Any CPU.ActiveCfg = Release|Any CPU
		{6E1665D8-9618-4239-A6C4-7DC006ED162E}.Release|Any CPU.Build.0 = Release|Any CPU
		{860A3CE5-8414-42C6-9C2A-46BBCBC56572}.Debug|Any CPU.ActiveCfg = Debug|Any CPU
		{860A3CE5-8414-42C6-9C2A-46BBCBC56572}.Debug|Any CPU.Build.0 = Debug|Any CPU
		{860A3CE5-8414-42C6-9C2A-46BBCBC56572}.Release|Any CPU.ActiveCfg = Release|Any CPU
		{860A3CE5-8414-42C6-9C2A-46BBCBC56572}.Release|Any CPU.Build.0 = Release|Any CPU
	EndGlobalSection
	GlobalSection(SolutionProperties) = preSolution
		HideSolutionNode = FALSE
	EndGlobalSection
	GlobalSection(ExtensibilityGlobals) = postSolution
		SolutionGuid = {C547A22F-0437-4B9F-AEA4-3EBF3BBCAF5F}
	EndGlobalSection
EndGlobal
